// !$*UTF8*$!
{
	archiveVersion = 1;
	classes = {
	};
	objectVersion = 50;
	objects = {

/* Begin PBXBuildFile section */
		9B2EA6C8FA70D740CAFEF7AB /* Pods_MyTaxiAppTests.framework in Frameworks */ = {isa = PBXBuildFile; fileRef = 181C296ED6684A6328ADD5C8 /* Pods_MyTaxiAppTests.framework */; };
		ADB55DD81285E6E80D593C5E /* Pods_MyTaxiApp.framework in Frameworks */ = {isa = PBXBuildFile; fileRef = 0A2B6E3F75289D59E20A2B6E /* Pods_MyTaxiApp.framework */; };
		FC745956225396D200FFAEAB /* NetworkManagerTests.swift in Sources */ = {isa = PBXBuildFile; fileRef = FC745955225396D200FFAEAB /* NetworkManagerTests.swift */; };
		FC7459612253A5FC00FFAEAB /* ViewController.swift in Sources */ = {isa = PBXBuildFile; fileRef = FCAFE88A225302080063F668 /* ViewController.swift */; };
		FC7459622253A5FC00FFAEAB /* MapViewController.swift in Sources */ = {isa = PBXBuildFile; fileRef = FCAFE8C0225365CB0063F668 /* MapViewController.swift */; };
		FC7459632253A5FC00FFAEAB /* MTAppUtil.swift in Sources */ = {isa = PBXBuildFile; fileRef = FCAFE8BD225359DE0063F668 /* MTAppUtil.swift */; };
		FC7459642253A5FC00FFAEAB /* VechileListCell.swift in Sources */ = {isa = PBXBuildFile; fileRef = FCAFE8B7225341EC0063F668 /* VechileListCell.swift */; };
		FC7459652253A5FC00FFAEAB /* MTVechileDataModel.swift in Sources */ = {isa = PBXBuildFile; fileRef = FCAFE8B2225323080063F668 /* MTVechileDataModel.swift */; };
		FC7459662253A5FC00FFAEAB /* Reachability.swift in Sources */ = {isa = PBXBuildFile; fileRef = FCAFE8AB2253052E0063F668 /* Reachability.swift */; };
		FC7459672253A5FC00FFAEAB /* NetworkManager.swift in Sources */ = {isa = PBXBuildFile; fileRef = FCAFE8A9225302E20063F668 /* NetworkManager.swift */; };
		FC7459682253A5FC00FFAEAB /* AppConstants.swift in Sources */ = {isa = PBXBuildFile; fileRef = FCAFE8AD225306050063F668 /* AppConstants.swift */; };
		FC7459692253A5FC00FFAEAB /* MTError.swift in Sources */ = {isa = PBXBuildFile; fileRef = FCAFE8AF225306CA0063F668 /* MTError.swift */; };
		FC74596A2253A5FC00FFAEAB /* AppDelegate.swift in Sources */ = {isa = PBXBuildFile; fileRef = FCAFE888225302080063F668 /* AppDelegate.swift */; };
		FCAFE889225302080063F668 /* AppDelegate.swift in Sources */ = {isa = PBXBuildFile; fileRef = FCAFE888225302080063F668 /* AppDelegate.swift */; };
		FCAFE88B225302080063F668 /* ViewController.swift in Sources */ = {isa = PBXBuildFile; fileRef = FCAFE88A225302080063F668 /* ViewController.swift */; };
		FCAFE88E225302080063F668 /* Main.storyboard in Resources */ = {isa = PBXBuildFile; fileRef = FCAFE88C225302080063F668 /* Main.storyboard */; };
		FCAFE8902253020D0063F668 /* Assets.xcassets in Resources */ = {isa = PBXBuildFile; fileRef = FCAFE88F2253020D0063F668 /* Assets.xcassets */; };
		FCAFE8932253020D0063F668 /* LaunchScreen.storyboard in Resources */ = {isa = PBXBuildFile; fileRef = FCAFE8912253020D0063F668 /* LaunchScreen.storyboard */; };
		FCAFE89E2253020E0063F668 /* MyTaxiAppTests.swift in Sources */ = {isa = PBXBuildFile; fileRef = FCAFE89D2253020E0063F668 /* MyTaxiAppTests.swift */; };
		FCAFE8AA225302E20063F668 /* NetworkManager.swift in Sources */ = {isa = PBXBuildFile; fileRef = FCAFE8A9225302E20063F668 /* NetworkManager.swift */; };
		FCAFE8AC2253052E0063F668 /* Reachability.swift in Sources */ = {isa = PBXBuildFile; fileRef = FCAFE8AB2253052E0063F668 /* Reachability.swift */; };
		FCAFE8AE225306050063F668 /* AppConstants.swift in Sources */ = {isa = PBXBuildFile; fileRef = FCAFE8AD225306050063F668 /* AppConstants.swift */; };
		FCAFE8B0225306CA0063F668 /* MTError.swift in Sources */ = {isa = PBXBuildFile; fileRef = FCAFE8AF225306CA0063F668 /* MTError.swift */; };
		FCAFE8B3225323080063F668 /* MTVechileDataModel.swift in Sources */ = {isa = PBXBuildFile; fileRef = FCAFE8B2225323080063F668 /* MTVechileDataModel.swift */; };
		FCAFE8B9225341EC0063F668 /* VechileListCell.swift in Sources */ = {isa = PBXBuildFile; fileRef = FCAFE8B7225341EC0063F668 /* VechileListCell.swift */; };
		FCAFE8BA225341EC0063F668 /* VechileListCell.xib in Resources */ = {isa = PBXBuildFile; fileRef = FCAFE8B8225341EC0063F668 /* VechileListCell.xib */; };
		FCAFE8BE225359DE0063F668 /* MTAppUtil.swift in Sources */ = {isa = PBXBuildFile; fileRef = FCAFE8BD225359DE0063F668 /* MTAppUtil.swift */; };
		FCAFE8C1225365CB0063F668 /* MapViewController.swift in Sources */ = {isa = PBXBuildFile; fileRef = FCAFE8C0225365CB0063F668 /* MapViewController.swift */; };
/* End PBXBuildFile section */

/* Begin PBXContainerItemProxy section */
		FCAFE89A2253020E0063F668 /* PBXContainerItemProxy */ = {
			isa = PBXContainerItemProxy;
			containerPortal = FCAFE87D225302070063F668 /* Project object */;
			proxyType = 1;
			remoteGlobalIDString = FCAFE884225302080063F668;
			remoteInfo = MyTaxiApp;
		};
/* End PBXContainerItemProxy section */

/* Begin PBXFileReference section */
		08698029F66F095C22C477D6 /* Pods-MyTaxiAppTests.release.xcconfig */ = {isa = PBXFileReference; includeInIndex = 1; lastKnownFileType = text.xcconfig; name = "Pods-MyTaxiAppTests.release.xcconfig"; path = "Pods/Target Support Files/Pods-MyTaxiAppTests/Pods-MyTaxiAppTests.release.xcconfig"; sourceTree = "<group>"; };
		0A2B6E3F75289D59E20A2B6E /* Pods_MyTaxiApp.framework */ = {isa = PBXFileReference; explicitFileType = wrapper.framework; includeInIndex = 0; path = Pods_MyTaxiApp.framework; sourceTree = BUILT_PRODUCTS_DIR; };
		181C296ED6684A6328ADD5C8 /* Pods_MyTaxiAppTests.framework */ = {isa = PBXFileReference; explicitFileType = wrapper.framework; includeInIndex = 0; path = Pods_MyTaxiAppTests.framework; sourceTree = BUILT_PRODUCTS_DIR; };
		8927C04E2E52F3B17AD2A822 /* Pods-MyTaxiApp.release.xcconfig */ = {isa = PBXFileReference; includeInIndex = 1; lastKnownFileType = text.xcconfig; name = "Pods-MyTaxiApp.release.xcconfig"; path = "Pods/Target Support Files/Pods-MyTaxiApp/Pods-MyTaxiApp.release.xcconfig"; sourceTree = "<group>"; };
		9ACC65544FBC026ABCDA9856 /* Pods-MyTaxiApp.debug.xcconfig */ = {isa = PBXFileReference; includeInIndex = 1; lastKnownFileType = text.xcconfig; name = "Pods-MyTaxiApp.debug.xcconfig"; path = "Pods/Target Support Files/Pods-MyTaxiApp/Pods-MyTaxiApp.debug.xcconfig"; sourceTree = "<group>"; };
		FC29B9A3EC9EDE4FD278D3B8 /* Pods-MyTaxiAppTests.debug.xcconfig */ = {isa = PBXFileReference; includeInIndex = 1; lastKnownFileType = text.xcconfig; name = "Pods-MyTaxiAppTests.debug.xcconfig"; path = "Pods/Target Support Files/Pods-MyTaxiAppTests/Pods-MyTaxiAppTests.debug.xcconfig"; sourceTree = "<group>"; };
		FC745955225396D200FFAEAB /* NetworkManagerTests.swift */ = {isa = PBXFileReference; lastKnownFileType = sourcecode.swift; path = NetworkManagerTests.swift; sourceTree = "<group>"; };
		FCAFE885225302080063F668 /* MyTaxiApp.app */ = {isa = PBXFileReference; explicitFileType = wrapper.application; includeInIndex = 0; path = MyTaxiApp.app; sourceTree = BUILT_PRODUCTS_DIR; };
		FCAFE888225302080063F668 /* AppDelegate.swift */ = {isa = PBXFileReference; lastKnownFileType = sourcecode.swift; path = AppDelegate.swift; sourceTree = "<group>"; };
		FCAFE88A225302080063F668 /* ViewController.swift */ = {isa = PBXFileReference; lastKnownFileType = sourcecode.swift; path = ViewController.swift; sourceTree = "<group>"; };
		FCAFE88D225302080063F668 /* Base */ = {isa = PBXFileReference; lastKnownFileType = file.storyboard; name = Base; path = Base.lproj/Main.storyboard; sourceTree = "<group>"; };
		FCAFE88F2253020D0063F668 /* Assets.xcassets */ = {isa = PBXFileReference; lastKnownFileType = folder.assetcatalog; path = Assets.xcassets; sourceTree = "<group>"; };
		FCAFE8922253020D0063F668 /* Base */ = {isa = PBXFileReference; lastKnownFileType = file.storyboard; name = Base; path = Base.lproj/LaunchScreen.storyboard; sourceTree = "<group>"; };
		FCAFE8942253020D0063F668 /* Info.plist */ = {isa = PBXFileReference; lastKnownFileType = text.plist.xml; path = Info.plist; sourceTree = "<group>"; };
		FCAFE8992253020E0063F668 /* MyTaxiAppTests.xctest */ = {isa = PBXFileReference; explicitFileType = wrapper.cfbundle; includeInIndex = 0; path = MyTaxiAppTests.xctest; sourceTree = BUILT_PRODUCTS_DIR; };
		FCAFE89D2253020E0063F668 /* MyTaxiAppTests.swift */ = {isa = PBXFileReference; lastKnownFileType = sourcecode.swift; path = MyTaxiAppTests.swift; sourceTree = "<group>"; };
		FCAFE89F2253020E0063F668 /* Info.plist */ = {isa = PBXFileReference; lastKnownFileType = text.plist.xml; path = Info.plist; sourceTree = "<group>"; };
		FCAFE8A9225302E20063F668 /* NetworkManager.swift */ = {isa = PBXFileReference; lastKnownFileType = sourcecode.swift; path = NetworkManager.swift; sourceTree = "<group>"; };
		FCAFE8AB2253052E0063F668 /* Reachability.swift */ = {isa = PBXFileReference; fileEncoding = 4; lastKnownFileType = sourcecode.swift; path = Reachability.swift; sourceTree = "<group>"; };
		FCAFE8AD225306050063F668 /* AppConstants.swift */ = {isa = PBXFileReference; lastKnownFileType = sourcecode.swift; path = AppConstants.swift; sourceTree = "<group>"; };
		FCAFE8AF225306CA0063F668 /* MTError.swift */ = {isa = PBXFileReference; lastKnownFileType = sourcecode.swift; path = MTError.swift; sourceTree = "<group>"; };
		FCAFE8B2225323080063F668 /* MTVechileDataModel.swift */ = {isa = PBXFileReference; lastKnownFileType = sourcecode.swift; path = MTVechileDataModel.swift; sourceTree = "<group>"; };
		FCAFE8B7225341EC0063F668 /* VechileListCell.swift */ = {isa = PBXFileReference; lastKnownFileType = sourcecode.swift; path = VechileListCell.swift; sourceTree = "<group>"; };
		FCAFE8B8225341EC0063F668 /* VechileListCell.xib */ = {isa = PBXFileReference; lastKnownFileType = file.xib; path = VechileListCell.xib; sourceTree = "<group>"; };
		FCAFE8BD225359DE0063F668 /* MTAppUtil.swift */ = {isa = PBXFileReference; lastKnownFileType = sourcecode.swift; path = MTAppUtil.swift; sourceTree = "<group>"; };
		FCAFE8C0225365CB0063F668 /* MapViewController.swift */ = {isa = PBXFileReference; lastKnownFileType = sourcecode.swift; path = MapViewController.swift; sourceTree = "<group>"; };
/* End PBXFileReference section */

/* Begin PBXFrameworksBuildPhase section */
		FCAFE882225302080063F668 /* Frameworks */ = {
			isa = PBXFrameworksBuildPhase;
			buildActionMask = 2147483647;
			files = (
				ADB55DD81285E6E80D593C5E /* Pods_MyTaxiApp.framework in Frameworks */,
			);
			runOnlyForDeploymentPostprocessing = 0;
		};
		FCAFE8962253020E0063F668 /* Frameworks */ = {
			isa = PBXFrameworksBuildPhase;
			buildActionMask = 2147483647;
			files = (
				9B2EA6C8FA70D740CAFEF7AB /* Pods_MyTaxiAppTests.framework in Frameworks */,
			);
			runOnlyForDeploymentPostprocessing = 0;
		};
/* End PBXFrameworksBuildPhase section */

/* Begin PBXGroup section */
		56DBC7CBE73ED232FE22776E /* Frameworks */ = {
			isa = PBXGroup;
			children = (
				0A2B6E3F75289D59E20A2B6E /* Pods_MyTaxiApp.framework */,
				181C296ED6684A6328ADD5C8 /* Pods_MyTaxiAppTests.framework */,
			);
			name = Frameworks;
			sourceTree = "<group>";
		};
		D566407C7C8226D4B2C39899 /* Pods */ = {
			isa = PBXGroup;
			children = (
				9ACC65544FBC026ABCDA9856 /* Pods-MyTaxiApp.debug.xcconfig */,
				8927C04E2E52F3B17AD2A822 /* Pods-MyTaxiApp.release.xcconfig */,
				FC29B9A3EC9EDE4FD278D3B8 /* Pods-MyTaxiAppTests.debug.xcconfig */,
				08698029F66F095C22C477D6 /* Pods-MyTaxiAppTests.release.xcconfig */,
			);
			name = Pods;
			sourceTree = "<group>";
		};
		FCAFE87C225302070063F668 = {
			isa = PBXGroup;
			children = (
				FCAFE887225302080063F668 /* MyTaxiApp */,
				FCAFE89C2253020E0063F668 /* MyTaxiAppTests */,
				FCAFE886225302080063F668 /* Products */,
				D566407C7C8226D4B2C39899 /* Pods */,
				56DBC7CBE73ED232FE22776E /* Frameworks */,
			);
			sourceTree = "<group>";
		};
		FCAFE886225302080063F668 /* Products */ = {
			isa = PBXGroup;
			children = (
				FCAFE885225302080063F668 /* MyTaxiApp.app */,
				FCAFE8992253020E0063F668 /* MyTaxiAppTests.xctest */,
			);
			name = Products;
			sourceTree = "<group>";
		};
		FCAFE887225302080063F668 /* MyTaxiApp */ = {
			isa = PBXGroup;
			children = (
				FCAFE8BF225365950063F668 /* ViewController */,
				FCAFE8BC225359B30063F668 /* Utilities */,
				FCAFE8B6225341B60063F668 /* Views */,
				FCAFE8B1225321880063F668 /* DataModel */,
				FCAFE8A8225302B60063F668 /* NetworkHelper */,
				FCAFE888225302080063F668 /* AppDelegate.swift */,
				FCAFE88C225302080063F668 /* Main.storyboard */,
				FCAFE88F2253020D0063F668 /* Assets.xcassets */,
				FCAFE8912253020D0063F668 /* LaunchScreen.storyboard */,
				FCAFE8942253020D0063F668 /* Info.plist */,
			);
			path = MyTaxiApp;
			sourceTree = "<group>";
		};
		FCAFE89C2253020E0063F668 /* MyTaxiAppTests */ = {
			isa = PBXGroup;
			children = (
				FCAFE89D2253020E0063F668 /* MyTaxiAppTests.swift */,
				FCAFE89F2253020E0063F668 /* Info.plist */,
				FC745955225396D200FFAEAB /* NetworkManagerTests.swift */,
			);
			path = MyTaxiAppTests;
			sourceTree = "<group>";
		};
		FCAFE8A8225302B60063F668 /* NetworkHelper */ = {
			isa = PBXGroup;
			children = (
				FCAFE8AB2253052E0063F668 /* Reachability.swift */,
				FCAFE8A9225302E20063F668 /* NetworkManager.swift */,
				FCAFE8AF225306CA0063F668 /* MTError.swift */,
			);
			path = NetworkHelper;
			sourceTree = "<group>";
		};
		FCAFE8B1225321880063F668 /* DataModel */ = {
			isa = PBXGroup;
			children = (
				FCAFE8B2225323080063F668 /* MTVechileDataModel.swift */,
			);
			path = DataModel;
			sourceTree = "<group>";
		};
		FCAFE8B6225341B60063F668 /* Views */ = {
			isa = PBXGroup;
			children = (
				FCAFE8B7225341EC0063F668 /* VechileListCell.swift */,
				FCAFE8B8225341EC0063F668 /* VechileListCell.xib */,
			);
			path = Views;
			sourceTree = "<group>";
		};
		FCAFE8BC225359B30063F668 /* Utilities */ = {
			isa = PBXGroup;
			children = (
				FCAFE8AD225306050063F668 /* AppConstants.swift */,
				FCAFE8BD225359DE0063F668 /* MTAppUtil.swift */,
			);
			path = Utilities;
			sourceTree = "<group>";
		};
		FCAFE8BF225365950063F668 /* ViewController */ = {
			isa = PBXGroup;
			children = (
				FCAFE88A225302080063F668 /* ViewController.swift */,
				FCAFE8C0225365CB0063F668 /* MapViewController.swift */,
			);
			path = ViewController;
			sourceTree = "<group>";
		};
/* End PBXGroup section */

/* Begin PBXNativeTarget section */
		FCAFE884225302080063F668 /* MyTaxiApp */ = {
			isa = PBXNativeTarget;
			buildConfigurationList = FCAFE8A22253020E0063F668 /* Build configuration list for PBXNativeTarget "MyTaxiApp" */;
			buildPhases = (
				0196B1B2A1688E81A345A006 /* [CP] Check Pods Manifest.lock */,
				FCAFE881225302080063F668 /* Sources */,
				FCAFE882225302080063F668 /* Frameworks */,
				FCAFE883225302080063F668 /* Resources */,
				5815072F59869B26ED942B25 /* [CP] Embed Pods Frameworks */,
			);
			buildRules = (
			);
			dependencies = (
			);
			name = MyTaxiApp;
			productName = MyTaxiApp;
			productReference = FCAFE885225302080063F668 /* MyTaxiApp.app */;
			productType = "com.apple.product-type.application";
		};
		FCAFE8982253020E0063F668 /* MyTaxiAppTests */ = {
			isa = PBXNativeTarget;
			buildConfigurationList = FCAFE8A52253020E0063F668 /* Build configuration list for PBXNativeTarget "MyTaxiAppTests" */;
			buildPhases = (
				4C4A77528B2EC37ED565CC38 /* [CP] Check Pods Manifest.lock */,
				FCAFE8952253020E0063F668 /* Sources */,
				FCAFE8962253020E0063F668 /* Frameworks */,
				FCAFE8972253020E0063F668 /* Resources */,
			);
			buildRules = (
			);
			dependencies = (
				FCAFE89B2253020E0063F668 /* PBXTargetDependency */,
			);
			name = MyTaxiAppTests;
			productName = MyTaxiAppTests;
			productReference = FCAFE8992253020E0063F668 /* MyTaxiAppTests.xctest */;
			productType = "com.apple.product-type.bundle.unit-test";
		};
/* End PBXNativeTarget section */

/* Begin PBXProject section */
		FCAFE87D225302070063F668 /* Project object */ = {
			isa = PBXProject;
			attributes = {
				LastSwiftUpdateCheck = 1010;
				LastUpgradeCheck = 1010;
				ORGANIZATIONNAME = Rahul;
				TargetAttributes = {
					FCAFE884225302080063F668 = {
						CreatedOnToolsVersion = 10.1;
					};
					FCAFE8982253020E0063F668 = {
						CreatedOnToolsVersion = 10.1;
						TestTargetID = FCAFE884225302080063F668;
					};
				};
			};
			buildConfigurationList = FCAFE880225302080063F668 /* Build configuration list for PBXProject "MyTaxiApp" */;
			compatibilityVersion = "Xcode 9.3";
			developmentRegion = en;
			hasScannedForEncodings = 0;
			knownRegions = (
				en,
				Base,
			);
			mainGroup = FCAFE87C225302070063F668;
			productRefGroup = FCAFE886225302080063F668 /* Products */;
			projectDirPath = "";
			projectRoot = "";
			targets = (
				FCAFE884225302080063F668 /* MyTaxiApp */,
				FCAFE8982253020E0063F668 /* MyTaxiAppTests */,
			);
		};
/* End PBXProject section */

/* Begin PBXResourcesBuildPhase section */
		FCAFE883225302080063F668 /* Resources */ = {
			isa = PBXResourcesBuildPhase;
			buildActionMask = 2147483647;
			files = (
				FCAFE8BA225341EC0063F668 /* VechileListCell.xib in Resources */,
				FCAFE8932253020D0063F668 /* LaunchScreen.storyboard in Resources */,
				FCAFE8902253020D0063F668 /* Assets.xcassets in Resources */,
				FCAFE88E225302080063F668 /* Main.storyboard in Resources */,
			);
			runOnlyForDeploymentPostprocessing = 0;
		};
		FCAFE8972253020E0063F668 /* Resources */ = {
			isa = PBXResourcesBuildPhase;
			buildActionMask = 2147483647;
			files = (
			);
			runOnlyForDeploymentPostprocessing = 0;
		};
/* End PBXResourcesBuildPhase section */

/* Begin PBXShellScriptBuildPhase section */
		0196B1B2A1688E81A345A006 /* [CP] Check Pods Manifest.lock */ = {
			isa = PBXShellScriptBuildPhase;
			buildActionMask = 2147483647;
			files = (
			);
			inputFileListPaths = (
			);
			inputPaths = (
				"${PODS_PODFILE_DIR_PATH}/Podfile.lock",
				"${PODS_ROOT}/Manifest.lock",
			);
			name = "[CP] Check Pods Manifest.lock";
			outputFileListPaths = (
			);
			outputPaths = (
				"$(DERIVED_FILE_DIR)/Pods-MyTaxiApp-checkManifestLockResult.txt",
			);
			runOnlyForDeploymentPostprocessing = 0;
			shellPath = /bin/sh;
			shellScript = "diff \"${PODS_PODFILE_DIR_PATH}/Podfile.lock\" \"${PODS_ROOT}/Manifest.lock\" > /dev/null\nif [ $? != 0 ] ; then\n    # print error to STDERR\n    echo \"error: The sandbox is not in sync with the Podfile.lock. Run 'pod install' or update your CocoaPods installation.\" >&2\n    exit 1\nfi\n# This output is used by Xcode 'outputs' to avoid re-running this script phase.\necho \"SUCCESS\" > \"${SCRIPT_OUTPUT_FILE_0}\"\n";
			showEnvVarsInLog = 0;
		};
		4C4A77528B2EC37ED565CC38 /* [CP] Check Pods Manifest.lock */ = {
			isa = PBXShellScriptBuildPhase;
			buildActionMask = 2147483647;
			files = (
			);
			inputFileListPaths = (
			);
			inputPaths = (
				"${PODS_PODFILE_DIR_PATH}/Podfile.lock",
				"${PODS_ROOT}/Manifest.lock",
			);
			name = "[CP] Check Pods Manifest.lock";
			outputFileListPaths = (
			);
			outputPaths = (
				"$(DERIVED_FILE_DIR)/Pods-MyTaxiAppTests-checkManifestLockResult.txt",
			);
			runOnlyForDeploymentPostprocessing = 0;
			shellPath = /bin/sh;
			shellScript = "diff \"${PODS_PODFILE_DIR_PATH}/Podfile.lock\" \"${PODS_ROOT}/Manifest.lock\" > /dev/null\nif [ $? != 0 ] ; then\n    # print error to STDERR\n    echo \"error: The sandbox is not in sync with the Podfile.lock. Run 'pod install' or update your CocoaPods installation.\" >&2\n    exit 1\nfi\n# This output is used by Xcode 'outputs' to avoid re-running this script phase.\necho \"SUCCESS\" > \"${SCRIPT_OUTPUT_FILE_0}\"\n";
			showEnvVarsInLog = 0;
		};
		5815072F59869B26ED942B25 /* [CP] Embed Pods Frameworks */ = {
			isa = PBXShellScriptBuildPhase;
			buildActionMask = 2147483647;
			files = (
			);
			inputFileListPaths = (
			);
			inputPaths = (
				"${SRCROOT}/Pods/Target Support Files/Pods-MyTaxiApp/Pods-MyTaxiApp-frameworks.sh",
				"${BUILT_PRODUCTS_DIR}/AZSearchView/AZSearchView.framework",
			);
			name = "[CP] Embed Pods Frameworks";
			outputFileListPaths = (
			);
			outputPaths = (
				"${TARGET_BUILD_DIR}/${FRAMEWORKS_FOLDER_PATH}/AZSearchView.framework",
			);
			runOnlyForDeploymentPostprocessing = 0;
			shellPath = /bin/sh;
			shellScript = "\"${SRCROOT}/Pods/Target Support Files/Pods-MyTaxiApp/Pods-MyTaxiApp-frameworks.sh\"\n";
			showEnvVarsInLog = 0;
		};
/* End PBXShellScriptBuildPhase section */

/* Begin PBXSourcesBuildPhase section */
		FCAFE881225302080063F668 /* Sources */ = {
			isa = PBXSourcesBuildPhase;
			buildActionMask = 2147483647;
			files = (
				FCAFE8B3225323080063F668 /* MTVechileDataModel.swift in Sources */,
				FCAFE8AA225302E20063F668 /* NetworkManager.swift in Sources */,
				FCAFE88B225302080063F668 /* ViewController.swift in Sources */,
				FCAFE8C1225365CB0063F668 /* MapViewController.swift in Sources */,
				FCAFE8AC2253052E0063F668 /* Reachability.swift in Sources */,
				FCAFE8B9225341EC0063F668 /* VechileListCell.swift in Sources */,
				FCAFE8B0225306CA0063F668 /* MTError.swift in Sources */,
				FCAFE889225302080063F668 /* AppDelegate.swift in Sources */,
				FCAFE8BE225359DE0063F668 /* MTAppUtil.swift in Sources */,
				FCAFE8AE225306050063F668 /* AppConstants.swift in Sources */,
			);
			runOnlyForDeploymentPostprocessing = 0;
		};
		FCAFE8952253020E0063F668 /* Sources */ = {
			isa = PBXSourcesBuildPhase;
			buildActionMask = 2147483647;
			files = (
				FC74596A2253A5FC00FFAEAB /* AppDelegate.swift in Sources */,
				FC7459672253A5FC00FFAEAB /* NetworkManager.swift in Sources */,
				FC7459652253A5FC00FFAEAB /* MTVechileDataModel.swift in Sources */,
				FC7459642253A5FC00FFAEAB /* VechileListCell.swift in Sources */,
				FC7459632253A5FC00FFAEAB /* MTAppUtil.swift in Sources */,
				FC7459692253A5FC00FFAEAB /* MTError.swift in Sources */,
				FC7459612253A5FC00FFAEAB /* ViewController.swift in Sources */,
				FC745956225396D200FFAEAB /* NetworkManagerTests.swift in Sources */,
				FCAFE89E2253020E0063F668 /* MyTaxiAppTests.swift in Sources */,
				FC7459662253A5FC00FFAEAB /* Reachability.swift in Sources */,
				FC7459622253A5FC00FFAEAB /* MapViewController.swift in Sources */,
				FC7459682253A5FC00FFAEAB /* AppConstants.swift in Sources */,
			);
			runOnlyForDeploymentPostprocessing = 0;
		};
/* End PBXSourcesBuildPhase section */

/* Begin PBXTargetDependency section */
		FCAFE89B2253020E0063F668 /* PBXTargetDependency */ = {
			isa = PBXTargetDependency;
			target = FCAFE884225302080063F668 /* MyTaxiApp */;
			targetProxy = FCAFE89A2253020E0063F668 /* PBXContainerItemProxy */;
		};
/* End PBXTargetDependency section */

/* Begin PBXVariantGroup section */
		FCAFE88C225302080063F668 /* Main.storyboard */ = {
			isa = PBXVariantGroup;
			children = (
				FCAFE88D225302080063F668 /* Base */,
			);
			name = Main.storyboard;
			sourceTree = "<group>";
		};
		FCAFE8912253020D0063F668 /* LaunchScreen.storyboard */ = {
			isa = PBXVariantGroup;
			children = (
				FCAFE8922253020D0063F668 /* Base */,
			);
			name = LaunchScreen.storyboard;
			sourceTree = "<group>";
		};
/* End PBXVariantGroup section */

/* Begin XCBuildConfiguration section */
		FCAFE8A02253020E0063F668 /* Debug */ = {
			isa = XCBuildConfiguration;
			buildSettings = {
				ALWAYS_SEARCH_USER_PATHS = NO;
				CLANG_ANALYZER_NONNULL = YES;
				CLANG_ANALYZER_NUMBER_OBJECT_CONVERSION = YES_AGGRESSIVE;
				CLANG_CXX_LANGUAGE_STANDARD = "gnu++14";
				CLANG_CXX_LIBRARY = "libc++";
				CLANG_ENABLE_MODULES = YES;
				CLANG_ENABLE_OBJC_ARC = YES;
				CLANG_ENABLE_OBJC_WEAK = YES;
				CLANG_WARN_BLOCK_CAPTURE_AUTORELEASING = YES;
				CLANG_WARN_BOOL_CONVERSION = YES;
				CLANG_WARN_COMMA = YES;
				CLANG_WARN_CONSTANT_CONVERSION = YES;
				CLANG_WARN_DEPRECATED_OBJC_IMPLEMENTATIONS = YES;
				CLANG_WARN_DIRECT_OBJC_ISA_USAGE = YES_ERROR;
				CLANG_WARN_DOCUMENTATION_COMMENTS = YES;
				CLANG_WARN_EMPTY_BODY = YES;
				CLANG_WARN_ENUM_CONVERSION = YES;
				CLANG_WARN_INFINITE_RECURSION = YES;
				CLANG_WARN_INT_CONVERSION = YES;
				CLANG_WARN_NON_LITERAL_NULL_CONVERSION = YES;
				CLANG_WARN_OBJC_IMPLICIT_RETAIN_SELF = YES;
				CLANG_WARN_OBJC_LITERAL_CONVERSION = YES;
				CLANG_WARN_OBJC_ROOT_CLASS = YES_ERROR;
				CLANG_WARN_RANGE_LOOP_ANALYSIS = YES;
				CLANG_WARN_STRICT_PROTOTYPES = YES;
				CLANG_WARN_SUSPICIOUS_MOVE = YES;
				CLANG_WARN_UNGUARDED_AVAILABILITY = YES_AGGRESSIVE;
				CLANG_WARN_UNREACHABLE_CODE = YES;
				CLANG_WARN__DUPLICATE_METHOD_MATCH = YES;
				CODE_SIGN_IDENTITY = "iPhone Developer";
				COPY_PHASE_STRIP = NO;
				DEBUG_INFORMATION_FORMAT = dwarf;
				ENABLE_STRICT_OBJC_MSGSEND = YES;
				ENABLE_TESTABILITY = YES;
				GCC_C_LANGUAGE_STANDARD = gnu11;
				GCC_DYNAMIC_NO_PIC = NO;
				GCC_NO_COMMON_BLOCKS = YES;
				GCC_OPTIMIZATION_LEVEL = 0;
				GCC_PREPROCESSOR_DEFINITIONS = (
					"DEBUG=1",
					"$(inherited)",
				);
				GCC_WARN_64_TO_32_BIT_CONVERSION = YES;
				GCC_WARN_ABOUT_RETURN_TYPE = YES_ERROR;
				GCC_WARN_UNDECLARED_SELECTOR = YES;
				GCC_WARN_UNINITIALIZED_AUTOS = YES_AGGRESSIVE;
				GCC_WARN_UNUSED_FUNCTION = YES;
				GCC_WARN_UNUSED_VARIABLE = YES;
				IPHONEOS_DEPLOYMENT_TARGET = 12.1;
				MTL_ENABLE_DEBUG_INFO = INCLUDE_SOURCE;
				MTL_FAST_MATH = YES;
				ONLY_ACTIVE_ARCH = YES;
				SDKROOT = iphoneos;
				SWIFT_ACTIVE_COMPILATION_CONDITIONS = DEBUG;
				SWIFT_OPTIMIZATION_LEVEL = "-Onone";
			};
			name = Debug;
		};
		FCAFE8A12253020E0063F668 /* Release */ = {
			isa = XCBuildConfiguration;
			buildSettings = {
				ALWAYS_SEARCH_USER_PATHS = NO;
				CLANG_ANALYZER_NONNULL = YES;
				CLANG_ANALYZER_NUMBER_OBJECT_CONVERSION = YES_AGGRESSIVE;
				CLANG_CXX_LANGUAGE_STANDARD = "gnu++14";
				CLANG_CXX_LIBRARY = "libc++";
				CLANG_ENABLE_MODULES = YES;
				CLANG_ENABLE_OBJC_ARC = YES;
				CLANG_ENABLE_OBJC_WEAK = YES;
				CLANG_WARN_BLOCK_CAPTURE_AUTORELEASING = YES;
				CLANG_WARN_BOOL_CONVERSION = YES;
				CLANG_WARN_COMMA = YES;
				CLANG_WARN_CONSTANT_CONVERSION = YES;
				CLANG_WARN_DEPRECATED_OBJC_IMPLEMENTATIONS = YES;
				CLANG_WARN_DIRECT_OBJC_ISA_USAGE = YES_ERROR;
				CLANG_WARN_DOCUMENTATION_COMMENTS = YES;
				CLANG_WARN_EMPTY_BODY = YES;
				CLANG_WARN_ENUM_CONVERSION = YES;
				CLANG_WARN_INFINITE_RECURSION = YES;
				CLANG_WARN_INT_CONVERSION = YES;
				CLANG_WARN_NON_LITERAL_NULL_CONVERSION = YES;
				CLANG_WARN_OBJC_IMPLICIT_RETAIN_SELF = YES;
				CLANG_WARN_OBJC_LITERAL_CONVERSION = YES;
				CLANG_WARN_OBJC_ROOT_CLASS = YES_ERROR;
				CLANG_WARN_RANGE_LOOP_ANALYSIS = YES;
				CLANG_WARN_STRICT_PROTOTYPES = YES;
				CLANG_WARN_SUSPICIOUS_MOVE = YES;
				CLANG_WARN_UNGUARDED_AVAILABILITY = YES_AGGRESSIVE;
				CLANG_WARN_UNREACHABLE_CODE = YES;
				CLANG_WARN__DUPLICATE_METHOD_MATCH = YES;
				CODE_SIGN_IDENTITY = "iPhone Developer";
				COPY_PHASE_STRIP = NO;
				DEBUG_INFORMATION_FORMAT = "dwarf-with-dsym";
				ENABLE_NS_ASSERTIONS = NO;
				ENABLE_STRICT_OBJC_MSGSEND = YES;
				GCC_C_LANGUAGE_STANDARD = gnu11;
				GCC_NO_COMMON_BLOCKS = YES;
				GCC_WARN_64_TO_32_BIT_CONVERSION = YES;
				GCC_WARN_ABOUT_RETURN_TYPE = YES_ERROR;
				GCC_WARN_UNDECLARED_SELECTOR = YES;
				GCC_WARN_UNINITIALIZED_AUTOS = YES_AGGRESSIVE;
				GCC_WARN_UNUSED_FUNCTION = YES;
				GCC_WARN_UNUSED_VARIABLE = YES;
				IPHONEOS_DEPLOYMENT_TARGET = 12.1;
				MTL_ENABLE_DEBUG_INFO = NO;
				MTL_FAST_MATH = YES;
				SDKROOT = iphoneos;
				SWIFT_COMPILATION_MODE = wholemodule;
				SWIFT_OPTIMIZATION_LEVEL = "-O";
				VALIDATE_PRODUCT = YES;
			};
			name = Release;
		};
		FCAFE8A32253020E0063F668 /* Debug */ = {
			isa = XCBuildConfiguration;
			baseConfigurationReference = 9ACC65544FBC026ABCDA9856 /* Pods-MyTaxiApp.debug.xcconfig */;
			buildSettings = {
				ASSETCATALOG_COMPILER_APPICON_NAME = AppIcon;
				CODE_SIGN_STYLE = Automatic;
				DEVELOPMENT_TEAM = 35J535SN4U;
				INFOPLIST_FILE = MyTaxiApp/Info.plist;
				LD_RUNPATH_SEARCH_PATHS = (
					"$(inherited)",
					"@executable_path/Frameworks",
				);
				PRODUCT_BUNDLE_IDENTIFIER = com.rahul.MyTaxiApp;
				PRODUCT_NAME = "$(TARGET_NAME)";
				SWIFT_VERSION = 4.2;
				TARGETED_DEVICE_FAMILY = "1,2";
			};
			name = Debug;
		};
		FCAFE8A42253020E0063F668 /* Release */ = {
			isa = XCBuildConfiguration;
			baseConfigurationReference = 8927C04E2E52F3B17AD2A822 /* Pods-MyTaxiApp.release.xcconfig */;
			buildSettings = {
				ASSETCATALOG_COMPILER_APPICON_NAME = AppIcon;
				CODE_SIGN_STYLE = Automatic;
				DEVELOPMENT_TEAM = 35J535SN4U;
				INFOPLIST_FILE = MyTaxiApp/Info.plist;
				LD_RUNPATH_SEARCH_PATHS = (
					"$(inherited)",
					"@executable_path/Frameworks",
				);
				PRODUCT_BUNDLE_IDENTIFIER = com.rahul.MyTaxiApp;
				PRODUCT_NAME = "$(TARGET_NAME)";
				SWIFT_VERSION = 4.2;
				TARGETED_DEVICE_FAMILY = "1,2";
			};
			name = Release;
		};
		FCAFE8A62253020E0063F668 /* Debug */ = {
			isa = XCBuildConfiguration;
			baseConfigurationReference = FC29B9A3EC9EDE4FD278D3B8 /* Pods-MyTaxiAppTests.debug.xcconfig */;
			buildSettings = {
				ALWAYS_EMBED_SWIFT_STANDARD_LIBRARIES = YES;
				BUNDLE_LOADER = "$(TEST_HOST)";
				CODE_SIGN_STYLE = Automatic;
				DEVELOPMENT_TEAM = 35J535SN4U;
				INFOPLIST_FILE = MyTaxiAppTests/Info.plist;
				LD_RUNPATH_SEARCH_PATHS = (
					"$(inherited)",
					"@executable_path/Frameworks",
					"@loader_path/Frameworks",
				);
				PRODUCT_BUNDLE_IDENTIFIER = com.rahul.MyTaxiAppTests;
				PRODUCT_NAME = "$(TARGET_NAME)";
				SWIFT_VERSION = 4.2;
				TARGETED_DEVICE_FAMILY = "1,2";
				TEST_HOST = "$(BUILT_PRODUCTS_DIR)/MyTaxiApp.app/MyTaxiApp";
			};
			name = Debug;
		};
		FCAFE8A72253020E0063F668 /* Release */ = {
			isa = XCBuildConfiguration;
			baseConfigurationReference = 08698029F66F095C22C477D6 /* Pods-MyTaxiAppTests.release.xcconfig */;
			buildSettings = {
				ALWAYS_EMBED_SWIFT_STANDARD_LIBRARIES = YES;
				BUNDLE_LOADER = "$(TEST_HOST)";
				CODE_SIGN_STYLE = Automatic;
				DEVELOPMENT_TEAM = 35J535SN4U;
				INFOPLIST_FILE = MyTaxiAppTests/Info.plist;
				LD_RUNPATH_SEARCH_PATHS = (
					"$(inherited)",
					"@executable_path/Frameworks",
					"@loader_path/Frameworks",
				);
				PRODUCT_BUNDLE_IDENTIFIER = com.rahul.MyTaxiAppTests;
				PRODUCT_NAME = "$(TARGET_NAME)";
				SWIFT_VERSION = 4.2;
				TARGETED_DEVICE_FAMILY = "1,2";
				TEST_HOST = "$(BUILT_PRODUCTS_DIR)/MyTaxiApp.app/MyTaxiApp";
			};
			name = Release;
		};
/* End XCBuildConfiguration section */

/* Begin XCConfigurationList section */
		FCAFE880225302080063F668 /* Build configuration list for PBXProject "MyTaxiApp" */ = {
			isa = XCConfigurationList;
			buildConfigurations = (
				FCAFE8A02253020E0063F668 /* Debug */,
				FCAFE8A12253020E0063F668 /* Release */,
			);
			defaultConfigurationIsVisible = 0;
			defaultConfigurationName = Release;
		};
		FCAFE8A22253020E0063F668 /* Build configuration list for PBXNativeTarget "MyTaxiApp" */ = {
			isa = XCConfigurationList;
			buildConfigurations = (
				FCAFE8A32253020E0063F668 /* Debug */,
				FCAFE8A42253020E0063F668 /* Release */,
			);
			defaultConfigurationIsVisible = 0;
			defaultConfigurationName = Release;
		};
		FCAFE8A52253020E0063F668 /* Build configuration list for PBXNativeTarget "MyTaxiAppTests" */ = {
			isa = XCConfigurationList;
			buildConfigurations = (
				FCAFE8A62253020E0063F668 /* Debug */,
				FCAFE8A72253020E0063F668 /* Release */,
			);
			defaultConfigurationIsVisible = 0;
			defaultConfigurationName = Release;
		};
/* End XCConfigurationList section */
	};
	rootObject = FCAFE87D225302070063F668 /* Project object */;
}
